
Microsoft Visual Studio Solution File, Format Version 12.00
# Visual Studio 2012
Project("{FAE04EC0-301F-11D3-BF4B-00C04F79EFBC}") = "LinkedListLoop", "LinkedListLoop\LinkedListLoop.csproj", "{D00B2220-7D8F-4793-8CF9-775545A15B3B}"
EndProject
Project("{FAE04EC0-301F-11D3-BF4B-00C04F79EFBC}") = "LinkedListLoop.Evaluator", "LinkedListLoop.Evaluator\LinkedListLoop.Evaluator.csproj", "{66146B28-05BC-4A48-A372-5E69A48FF032}"
EndProject
Project("{FAE04EC0-301F-11D3-BF4B-00C04F79EFBC}") = "LinkedListLoop.Test", "LinkedListLoop.Test\LinkedListLoop.Test.csproj", "{97776110-1F00-40B9-A66B-04ED60B7B033}"
EndProject
Global
	GlobalSection(SolutionConfigurationPlatforms) = preSolution
		Debug|Any CPU = Debug|Any CPU
		Release|Any CPU = Release|Any CPU
	EndGlobalSection
	GlobalSection(ProjectConfigurationPlatforms) = postSolution
		{D00B2220-7D8F-4793-8CF9-775545A15B3B}.Debug|Any CPU.ActiveCfg = Debug|Any CPU
		{D00B2220-7D8F-4793-8CF9-775545A15B3B}.Debug|Any CPU.Build.0 = Debug|Any CPU
		{D00B2220-7D8F-4793-8CF9-775545A15B3B}.Release|Any CPU.ActiveCfg = Release|Any CPU
		{D00B2220-7D8F-4793-8CF9-775545A15B3B}.Release|Any CPU.Build.0 = Release|Any CPU
		{66146B28-05BC-4A48-A372-5E69A48FF032}.Debug|Any CPU.ActiveCfg = Debug|Any CPU
		{66146B28-05BC-4A48-A372-5E69A48FF032}.Debug|Any CPU.Build.0 = Debug|Any CPU
		{66146B28-05BC-4A48-A372-5E69A48FF032}.Release|Any CPU.ActiveCfg = Release|Any CPU
		{66146B28-05BC-4A48-A372-5E69A48FF032}.Release|Any CPU.Build.0 = Release|Any CPU
		{97776110-1F00-40B9-A66B-04ED60B7B033}.Debug|Any CPU.ActiveCfg = Debug|Any CPU
		{97776110-1F00-40B9-A66B-04ED60B7B033}.Debug|Any CPU.Build.0 = Debug|Any CPU
		{97776110-1F00-40B9-A66B-04ED60B7B033}.Release|Any CPU.ActiveCfg = Release|Any CPU
		{97776110-1F00-40B9-A66B-04ED60B7B033}.Release|Any CPU.Build.0 = Release|Any CPU
	EndGlobalSection
	GlobalSection(SolutionProperties) = preSolution
		HideSolutionNode = FALSE
	EndGlobalSection
EndGlobal
